{
  "name": "mobx-bench",
  "version": "0.0.1",
  "lockfileVersion": 3,
  "requires": true,
  "packages": {
    "": {
      "name": "mobx-bench",
      "version": "0.0.1",
      "license": "MIT",
      "workspaces": [
        "./baseline",
        "./decorators",
        "./legacy-decorators",
        "./make-auto-observable",
        "./runner"
      ],
      "devDependencies": {
        "@tsconfig/bun": "^1.0.1",
        "@tsconfig/node-lts": "^18.12.5",
        "@tsconfig/node20": "^20.1.2",
        "bun-types": "^1.0.11"
      }
    },
    "baseline": {
      "name": "@mobx-bench/baseline",
      "devDependencies": {
        "@types/node": "^20.9.0",
        "typescript": "^5.2.2"
      }
    },
    "decorators": {
      "name": "@mobx-bench/decorators",
      "dependencies": {
        "mobx": "^6.11.0"
      },
      "devDependencies": {
        "@types/node": "^20.9.0",
        "typescript": "^5.2.2"
      }
    },
    "legacy-decorators": {
      "name": "@mobx-bench/legacy-decorators",
      "dependencies": {
        "mobx": "^6.11.0"
      },
      "devDependencies": {
        "@types/node": "^20.9.0",
        "typescript": "^5.2.2"
      }
    },
    "make-auto-observable": {
      "name": "@mobx-bench/make-auto-observable",
      "dependencies": {
        "mobx": "^6.11.0"
      },
      "devDependencies": {
        "@types/node": "^20.9.0",
        "typescript": "^5.2.2"
      }
    },
    "node_modules/@mobx-bench/baseline": {
      "resolved": "baseline",
      "link": true
    },
    "node_modules/@mobx-bench/decorators": {
      "resolved": "decorators",
      "link": true
    },
    "node_modules/@mobx-bench/legacy-decorators": {
      "resolved": "legacy-decorators",
      "link": true
    },
    "node_modules/@mobx-bench/make-auto-observable": {
      "resolved": "make-auto-observable",
      "link": true
    },
    "node_modules/@mobx-bench/runner": {
      "resolved": "runner",
      "link": true
    },
    "node_modules/@tsconfig/bun": {
      "version": "1.0.1",
      "resolved": "https://registry.npmjs.org/@tsconfig/bun/-/bun-1.0.1.tgz",
      "integrity": "sha512-WtKtokg1FM8SKWrMbkvXBoO+1uXsBT0IefZivoA8YG0Tvmx7hBkfpog66hpeB1VMj9Gwv1EBp/FZJ8yxD752LA==",
      "dev": true
    },
    "node_modules/@tsconfig/node-lts": {
      "version": "18.12.5",
      "resolved": "https://registry.npmjs.org/@tsconfig/node-lts/-/node-lts-18.12.5.tgz",
      "integrity": "sha512-KJZX0kQ5FBv77WDVzmQ9y1dUjaJCNXAAz3LSsg5cMwH0AUijVdDQtII+IVprEXdb13U9GjVOBxBzyRvr/ozPxw==",
      "dev": true
    },
    "node_modules/@tsconfig/node20": {
      "version": "20.1.2",
      "resolved": "https://registry.npmjs.org/@tsconfig/node20/-/node20-20.1.2.tgz",
      "integrity": "sha512-madaWq2k+LYMEhmcp0fs+OGaLFk0OenpHa4gmI4VEmCKX4PJntQ6fnnGADVFrVkBj0wIdAlQnK/MrlYTHsa1gQ==",
      "dev": true
    },
    "node_modules/@types/benchmark": {
      "version": "2.1.5",
      "resolved": "https://registry.npmjs.org/@types/benchmark/-/benchmark-2.1.5.tgz",
      "integrity": "sha512-cKio2eFB3v7qmKcvIHLUMw/dIx/8bhWPuzpzRT4unCPRTD8VdA9Zb0afxpcxOqR4PixRS7yT42FqGS8BYL8g1w==",
      "dev": true
    },
    "node_modules/@types/node": {
      "version": "20.9.0",
      "resolved": "https://registry.npmjs.org/@types/node/-/node-20.9.0.tgz",
      "integrity": "sha512-nekiGu2NDb1BcVofVcEKMIwzlx4NjHlcjhoxxKBNLtz15Y1z7MYf549DFvkHSId02Ax6kGwWntIBPC3l/JZcmw==",
      "dev": true,
      "dependencies": {
        "undici-types": "~5.26.4"
      }
    },
    "node_modules/benchmark": {
      "version": "2.1.4",
      "resolved": "https://registry.npmjs.org/benchmark/-/benchmark-2.1.4.tgz",
      "integrity": "sha512-l9MlfN4M1K/H2fbhfMy3B7vJd6AGKJVQn2h6Sg/Yx+KckoUA7ewS5Vv6TjSq18ooE1kS9hhAlQRH3AkXIh/aOQ==",
      "dependencies": {
        "lodash": "^4.17.4",
        "platform": "^1.3.3"
      }
    },
    "node_modules/bun-types": {
      "version": "1.0.11",
      "resolved": "https://registry.npmjs.org/bun-types/-/bun-types-1.0.11.tgz",
      "integrity": "sha512-XaDwjnBlkdTOtBEAcXhDnPSKFMlwFK/526z0iyairYIDhZJMzZM1QU4D7XRiEI2SpKQWexn0S/LN9Mwx5xSJNg==",
      "dev": true
    },
    "node_modules/lodash": {
      "version": "4.17.21",
      "resolved": "https://registry.npmjs.org/lodash/-/lodash-4.17.21.tgz",
      "integrity": "sha512-v2kDEe57lecTulaDIuNTPy3Ry4gLGJ6Z1O3vE1krgXZNrsQ+LFTGHVxVjcXPs17LhbZVGedAJv8XZ1tvj5FvSg=="
    },
    "node_modules/microtime": {
      "version": "3.1.1",
      "resolved": "https://registry.npmjs.org/microtime/-/microtime-3.1.1.tgz",
      "integrity": "sha512-to1r7o24cDsud9IhN6/8wGmMx5R2kT0w2Xwm5okbYI3d1dk6Xv0m+Z+jg2vS9pt+ocgQHTCtgs/YuyJhySzxNg==",
      "hasInstallScript": true,
      "dependencies": {
        "node-addon-api": "^5.0.0",
        "node-gyp-build": "^4.4.0"
      },
      "engines": {
        "node": ">= 14.13.0"
      }
    },
    "node_modules/mobx": {
      "version": "6.11.0",
      "resolved": "https://registry.npmjs.org/mobx/-/mobx-6.11.0.tgz",
      "integrity": "sha512-qngYCmr0WJiFRSAtYe82DB7SbzvbhehkJjONs8ydynUwoazzUQHZdAlaJqUfks5j4HarhWsZrMRhV7HtSO9HOQ==",
      "funding": {
        "type": "opencollective",
        "url": "https://opencollective.com/mobx"
      }
    },
    "node_modules/node-addon-api": {
      "version": "5.1.0",
      "resolved": "https://registry.npmjs.org/node-addon-api/-/node-addon-api-5.1.0.tgz",
      "integrity": "sha512-eh0GgfEkpnoWDq+VY8OyvYhFEzBk6jIYbRKdIlyTiAXIVJ8PyBaKb0rp7oDtoddbdoHWhq8wwr+XZ81F1rpNdA=="
    },
    "node_modules/node-gyp-build": {
      "version": "4.6.1",
      "resolved": "https://registry.npmjs.org/node-gyp-build/-/node-gyp-build-4.6.1.tgz",
      "integrity": "sha512-24vnklJmyRS8ViBNI8KbtK/r/DmXQMRiOMXTNz2nrTnAYUwjmEEbnnpB/+kt+yWRv73bPsSPRFddrcIbAxSiMQ==",
      "bin": {
        "node-gyp-build": "bin.js",
        "node-gyp-build-optional": "optional.js",
        "node-gyp-build-test": "build-test.js"
      }
    },
    "node_modules/platform": {
      "version": "1.3.6",
      "resolved": "https://registry.npmjs.org/platform/-/platform-1.3.6.tgz",
      "integrity": "sha512-fnWVljUchTro6RiCFvCXBbNhJc2NijN7oIQxbwsyL0buWJPG85v81ehlHI9fXrJsMNgTofEoWIQeClKpgxFLrg=="
    },
    "node_modules/typescript": {
      "version": "5.2.2",
      "resolved": "https://registry.npmjs.org/typescript/-/typescript-5.2.2.tgz",
      "integrity": "sha512-mI4WrpHsbCIcwT9cF4FZvr80QUeKvsUsUvKDoR+X/7XHQH98xYD8YHZg7ANtz2GtZt/CBq2QJ0thkGJMHfqc1w==",
      "dev": true,
      "bin": {
        "tsc": "bin/tsc",
        "tsserver": "bin/tsserver"
      },
      "engines": {
        "node": ">=14.17"
      }
    },
    "node_modules/undici-types": {
      "version": "5.26.5",
      "resolved": "https://registry.npmjs.org/undici-types/-/undici-types-5.26.5.tgz",
      "integrity": "sha512-JlCMO+ehdEIKqlFxk6IfVoAUVmgz7cU7zD/h9XZ0qzeosSHmUJVOzSQvvYSYWXkFXC+IfLKSIffhv0sVZup6pA==",
      "dev": true
    },
    "runner": {
      "name": "@mobx-bench/runner",
      "dependencies": {
        "benchmark": "^2.1.4",
        "microtime": "^3.1.1"
      },
      "devDependencies": {
        "@types/benchmark": "^2.1.5",
        "@types/node": "^20.9.0",
        "typescript": "^5.2.2"
      }
    }
  }
}
